
Microsoft Visual Studio Solution File, Format Version 12.00
# Visual Studio Version 16
VisualStudioVersion = 16.0.30002.166
MinimumVisualStudioVersion = 10.0.40219.1
Project("{FAE04EC0-301F-11D3-BF4B-00C04F79EFBC}") = "RequiredDependencies", "RequiredDependencies.csproj", "{99D1B0E9-8768-47AA-9B3A-0C1BE021D75F}"
EndProject
Global
	GlobalSection(SolutionConfigurationPlatforms) = preSolution
		Debug|Any CPU = Debug|Any CPU
		Release|Any CPU = Release|Any CPU
	EndGlobalSection
	GlobalSection(ProjectConfigurationPlatforms) = postSolution
		{99D1B0E9-8768-47AA-9B3A-0C1BE021D75F}.Debug|Any CPU.ActiveCfg = Debug|Any CPU
		{99D1B0E9-8768-47AA-9B3A-0C1BE021D75F}.Debug|Any CPU.Build.0 = Debug|Any CPU
		{99D1B0E9-8768-47AA-9B3A-0C1BE021D75F}.Release|Any CPU.ActiveCfg = Release|Any CPU
		{99D1B0E9-8768-47AA-9B3A-0C1BE021D75F}.Release|Any CPU.Build.0 = Release|Any CPU
	EndGlobalSection
	GlobalSection(SolutionProperties) = preSolution
		HideSolutionNode = FALSE
	EndGlobalSection
	GlobalSection(ExtensibilityGlobals) = postSolution
		SolutionGuid = {623327DE-4F05-4D24-8D27-E7FE0870A73F}
	EndGlobalSection
EndGlobal
