
Microsoft Visual Studio Solution File, Format Version 12.00
# Visual Studio Version 16
VisualStudioVersion = 16.0.30002.166
MinimumVisualStudioVersion = 10.0.40219.1
Project("{D2C6423D-C28C-443F-8A52-C61751FA9B2E}") = "CommandLineOverrides", "CommandLineOverrides.csproj", "{445DA14C-02C9-4247-97DF-D004779787E3}"
EndProject
Global
	GlobalSection(SolutionConfigurationPlatforms) = preSolution
		Debug|Any CPU = Debug|Any CPU
		Release|Any CPU = Release|Any CPU
	EndGlobalSection
	GlobalSection(ProjectConfigurationPlatforms) = postSolution
		{445DA14C-02C9-4247-97DF-D004779787E3}.Debug|Any CPU.ActiveCfg = Debug|Any CPU
		{445DA14C-02C9-4247-97DF-D004779787E3}.Debug|Any CPU.Build.0 = Debug|Any CPU
		{445DA14C-02C9-4247-97DF-D004779787E3}.Release|Any CPU.ActiveCfg = Release|Any CPU
		{445DA14C-02C9-4247-97DF-D004779787E3}.Release|Any CPU.Build.0 = Release|Any CPU
	EndGlobalSection
	GlobalSection(SolutionProperties) = preSolution
		HideSolutionNode = FALSE
	EndGlobalSection
	GlobalSection(ExtensibilityGlobals) = postSolution
		SolutionGuid = {5AB10DAC-59C6-44D0-A8CA-2F9FE3CB3611}
	EndGlobalSection
EndGlobal
