
Microsoft Visual Studio Solution File, Format Version 12.00
# Visual Studio Version 16
VisualStudioVersion = 16.0.30002.166
MinimumVisualStudioVersion = 10.0.40219.1
Project("{2B90214A-3386-4ECC-8DA0-52250D2DB6EA}") = "UserSecrets", "UserSecrets.csproj", "{24567579-EC64-4FDA-83D9-0B5C22DE27DB}"
EndProject
Global
	GlobalSection(SolutionConfigurationPlatforms) = preSolution
		Debug|Any CPU = Debug|Any CPU
		Release|Any CPU = Release|Any CPU
	EndGlobalSection
	GlobalSection(ProjectConfigurationPlatforms) = postSolution
		{24567579-EC64-4FDA-83D9-0B5C22DE27DB}.Debug|Any CPU.ActiveCfg = Debug|Any CPU
		{24567579-EC64-4FDA-83D9-0B5C22DE27DB}.Debug|Any CPU.Build.0 = Debug|Any CPU
		{24567579-EC64-4FDA-83D9-0B5C22DE27DB}.Release|Any CPU.ActiveCfg = Release|Any CPU
		{24567579-EC64-4FDA-83D9-0B5C22DE27DB}.Release|Any CPU.Build.0 = Release|Any CPU
	EndGlobalSection
	GlobalSection(SolutionProperties) = preSolution
		HideSolutionNode = FALSE
	EndGlobalSection
	GlobalSection(ExtensibilityGlobals) = postSolution
		SolutionGuid = {E0881FE6-A7B9-4F95-AE77-CC94B2445187}
	EndGlobalSection
EndGlobal
