
Microsoft Visual Studio Solution File, Format Version 12.00
# Visual Studio Version 16
VisualStudioVersion = 16.0.30002.166
MinimumVisualStudioVersion = 10.0.40219.1
Project("{57DDB49E-5559-436F-9DC2-5DBF6163A19E}") = "Environments", "Environments.csproj", "{BFC60AC4-F911-43F4-BBA6-F427278445B9}"
EndProject
Global
	GlobalSection(SolutionConfigurationPlatforms) = preSolution
		Debug|Any CPU = Debug|Any CPU
		Release|Any CPU = Release|Any CPU
	EndGlobalSection
	GlobalSection(ProjectConfigurationPlatforms) = postSolution
		{BFC60AC4-F911-43F4-BBA6-F427278445B9}.Debug|Any CPU.ActiveCfg = Debug|Any CPU
		{BFC60AC4-F911-43F4-BBA6-F427278445B9}.Debug|Any CPU.Build.0 = Debug|Any CPU
		{BFC60AC4-F911-43F4-BBA6-F427278445B9}.Release|Any CPU.ActiveCfg = Release|Any CPU
		{BFC60AC4-F911-43F4-BBA6-F427278445B9}.Release|Any CPU.Build.0 = Release|Any CPU
	EndGlobalSection
	GlobalSection(SolutionProperties) = preSolution
		HideSolutionNode = FALSE
	EndGlobalSection
	GlobalSection(ExtensibilityGlobals) = postSolution
		SolutionGuid = {E73EBB33-016F-4FBA-A06D-FF060176C7DC}
	EndGlobalSection
EndGlobal
